
Microsoft Visual Studio Solution File, Format Version 12.00
# Visual Studio Version 17
VisualStudioVersion = 17.10.35122.118
MinimumVisualStudioVersion = 10.0.40219.1
Project("{FAE04EC0-301F-11D3-BF4B-00C04F79EFBC}") = "Loop", "Loop\Loop.csproj", "{A50C57A3-4851-46CE-8B5F-5C319E16D0C1}"
EndProject
Project("{FAE04EC0-301F-11D3-BF4B-00C04F79EFBC}") = "Strings", "Strings\Strings.csproj", "{849EF2E5-8D3E-4233-B511-720AB50530BB}"
EndProject
Project("{FAE04EC0-301F-11D3-BF4B-00C04F79EFBC}") = "Classes", "Classes\Classes.csproj", "{FE8DDD34-397B-46FA-B1F7-4ED29ED3DA85}"
EndProject
Project("{FAE04EC0-301F-11D3-BF4B-00C04F79EFBC}") = "RecapDemo1", "RecapDemo1\RecapDemo1.csproj", "{D9D4A8BD-814A-4BA0-B081-A548D310C55F}"
EndProject
Project("{FAE04EC0-301F-11D3-BF4B-00C04F79EFBC}") = "Interfaces", "Interfaces\Interfaces.csproj", "{99576DD4-3DD0-4186-BF02-ED7AC115F271}"
EndProject
Project("{FAE04EC0-301F-11D3-BF4B-00C04F79EFBC}") = "InterfacesDemo", "InterfacesDemo\InterfacesDemo.csproj", "{0CF3AE70-E15E-4ED9-AB4D-597D57D89025}"
EndProject
Project("{FAE04EC0-301F-11D3-BF4B-00C04F79EFBC}") = "Inheritance", "Inheritance\Inheritance.csproj", "{70CD8E72-C50B-4FCD-8E3B-C81A5FE843E7}"
EndProject
Project("{FAE04EC0-301F-11D3-BF4B-00C04F79EFBC}") = "VirtualMethods", "VirtualMethods\VirtualMethods.csproj", "{ABB61636-9D38-4BB3-8DBC-E8A837B5974E}"
EndProject
Project("{FAE04EC0-301F-11D3-BF4B-00C04F79EFBC}") = "AbstractClasses", "AbstractClasses\AbstractClasses.csproj", "{E7416DF6-9935-4026-AA32-0089E2A9DA15}"
EndProject
Project("{FAE04EC0-301F-11D3-BF4B-00C04F79EFBC}") = "RecapDemo2", "RecapDemo2\RecapDemo2.csproj", "{C160560F-1BF3-4D91-8DE1-2978DD54DFEF}"
EndProject
Project("{FAE04EC0-301F-11D3-BF4B-00C04F79EFBC}") = "AccessModifiers", "AccessModifiers\AccessModifiers.csproj", "{B111F833-FC78-457C-B1BB-86AA4389521F}"
EndProject
Project("{FAE04EC0-301F-11D3-BF4B-00C04F79EFBC}") = "Constructors", "Constructors\Constructors.csproj", "{A310D831-A7A5-408F-B17E-699713C0EDC8}"
EndProject
Project("{FAE04EC0-301F-11D3-BF4B-00C04F79EFBC}") = "ReferenceAndValueType", "ReferenceAndValueType\ReferenceAndValueType.csproj", "{F5F41D32-0197-431D-9A3A-78651FB274DF}"
EndProject
Project("{FAE04EC0-301F-11D3-BF4B-00C04F79EFBC}") = "Collections", "Collections\Collections.csproj", "{FD59FDFA-01BF-4101-9B57-1C4216FE7B9B}"
EndProject
Project("{FAE04EC0-301F-11D3-BF4B-00C04F79EFBC}") = "Exceptions", "Exceptions\Exceptions.csproj", "{42F65C8E-8071-404C-BA8F-0204A07FD676}"
EndProject
Project("{FAE04EC0-301F-11D3-BF4B-00C04F79EFBC}") = "AdoNetDemo", "AdoNetDemo\AdoNetDemo.csproj", "{2A0E7003-68CE-4DEB-B8CD-CD9C2DDDA40E}"
EndProject
Global
	GlobalSection(SolutionConfigurationPlatforms) = preSolution
		Debug|Any CPU = Debug|Any CPU
		Release|Any CPU = Release|Any CPU
	EndGlobalSection
	GlobalSection(ProjectConfigurationPlatforms) = postSolution
		{A50C57A3-4851-46CE-8B5F-5C319E16D0C1}.Debug|Any CPU.ActiveCfg = Debug|Any CPU
		{A50C57A3-4851-46CE-8B5F-5C319E16D0C1}.Debug|Any CPU.Build.0 = Debug|Any CPU
		{A50C57A3-4851-46CE-8B5F-5C319E16D0C1}.Release|Any CPU.ActiveCfg = Release|Any CPU
		{A50C57A3-4851-46CE-8B5F-5C319E16D0C1}.Release|Any CPU.Build.0 = Release|Any CPU
		{849EF2E5-8D3E-4233-B511-720AB50530BB}.Debug|Any CPU.ActiveCfg = Debug|Any CPU
		{849EF2E5-8D3E-4233-B511-720AB50530BB}.Debug|Any CPU.Build.0 = Debug|Any CPU
		{849EF2E5-8D3E-4233-B511-720AB50530BB}.Release|Any CPU.ActiveCfg = Release|Any CPU
		{849EF2E5-8D3E-4233-B511-720AB50530BB}.Release|Any CPU.Build.0 = Release|Any CPU
		{FE8DDD34-397B-46FA-B1F7-4ED29ED3DA85}.Debug|Any CPU.ActiveCfg = Debug|Any CPU
		{FE8DDD34-397B-46FA-B1F7-4ED29ED3DA85}.Debug|Any CPU.Build.0 = Debug|Any CPU
		{FE8DDD34-397B-46FA-B1F7-4ED29ED3DA85}.Release|Any CPU.ActiveCfg = Release|Any CPU
		{FE8DDD34-397B-46FA-B1F7-4ED29ED3DA85}.Release|Any CPU.Build.0 = Release|Any CPU
		{D9D4A8BD-814A-4BA0-B081-A548D310C55F}.Debug|Any CPU.ActiveCfg = Debug|Any CPU
		{D9D4A8BD-814A-4BA0-B081-A548D310C55F}.Debug|Any CPU.Build.0 = Debug|Any CPU
		{D9D4A8BD-814A-4BA0-B081-A548D310C55F}.Release|Any CPU.ActiveCfg = Release|Any CPU
		{D9D4A8BD-814A-4BA0-B081-A548D310C55F}.Release|Any CPU.Build.0 = Release|Any CPU
		{99576DD4-3DD0-4186-BF02-ED7AC115F271}.Debug|Any CPU.ActiveCfg = Debug|Any CPU
		{99576DD4-3DD0-4186-BF02-ED7AC115F271}.Debug|Any CPU.Build.0 = Debug|Any CPU
		{99576DD4-3DD0-4186-BF02-ED7AC115F271}.Release|Any CPU.ActiveCfg = Release|Any CPU
		{99576DD4-3DD0-4186-BF02-ED7AC115F271}.Release|Any CPU.Build.0 = Release|Any CPU
		{0CF3AE70-E15E-4ED9-AB4D-597D57D89025}.Debug|Any CPU.ActiveCfg = Debug|Any CPU
		{0CF3AE70-E15E-4ED9-AB4D-597D57D89025}.Debug|Any CPU.Build.0 = Debug|Any CPU
		{0CF3AE70-E15E-4ED9-AB4D-597D57D89025}.Release|Any CPU.ActiveCfg = Release|Any CPU
		{0CF3AE70-E15E-4ED9-AB4D-597D57D89025}.Release|Any CPU.Build.0 = Release|Any CPU
		{70CD8E72-C50B-4FCD-8E3B-C81A5FE843E7}.Debug|Any CPU.ActiveCfg = Debug|Any CPU
		{70CD8E72-C50B-4FCD-8E3B-C81A5FE843E7}.Debug|Any CPU.Build.0 = Debug|Any CPU
		{70CD8E72-C50B-4FCD-8E3B-C81A5FE843E7}.Release|Any CPU.ActiveCfg = Release|Any CPU
		{70CD8E72-C50B-4FCD-8E3B-C81A5FE843E7}.Release|Any CPU.Build.0 = Release|Any CPU
		{ABB61636-9D38-4BB3-8DBC-E8A837B5974E}.Debug|Any CPU.ActiveCfg = Debug|Any CPU
		{ABB61636-9D38-4BB3-8DBC-E8A837B5974E}.Debug|Any CPU.Build.0 = Debug|Any CPU
		{ABB61636-9D38-4BB3-8DBC-E8A837B5974E}.Release|Any CPU.ActiveCfg = Release|Any CPU
		{ABB61636-9D38-4BB3-8DBC-E8A837B5974E}.Release|Any CPU.Build.0 = Release|Any CPU
		{E7416DF6-9935-4026-AA32-0089E2A9DA15}.Debug|Any CPU.ActiveCfg = Debug|Any CPU
		{E7416DF6-9935-4026-AA32-0089E2A9DA15}.Debug|Any CPU.Build.0 = Debug|Any CPU
		{E7416DF6-9935-4026-AA32-0089E2A9DA15}.Release|Any CPU.ActiveCfg = Release|Any CPU
		{E7416DF6-9935-4026-AA32-0089E2A9DA15}.Release|Any CPU.Build.0 = Release|Any CPU
		{C160560F-1BF3-4D91-8DE1-2978DD54DFEF}.Debug|Any CPU.ActiveCfg = Debug|Any CPU
		{C160560F-1BF3-4D91-8DE1-2978DD54DFEF}.Debug|Any CPU.Build.0 = Debug|Any CPU
		{C160560F-1BF3-4D91-8DE1-2978DD54DFEF}.Release|Any CPU.ActiveCfg = Release|Any CPU
		{C160560F-1BF3-4D91-8DE1-2978DD54DFEF}.Release|Any CPU.Build.0 = Release|Any CPU
		{B111F833-FC78-457C-B1BB-86AA4389521F}.Debug|Any CPU.ActiveCfg = Debug|Any CPU
		{B111F833-FC78-457C-B1BB-86AA4389521F}.Debug|Any CPU.Build.0 = Debug|Any CPU
		{B111F833-FC78-457C-B1BB-86AA4389521F}.Release|Any CPU.ActiveCfg = Release|Any CPU
		{B111F833-FC78-457C-B1BB-86AA4389521F}.Release|Any CPU.Build.0 = Release|Any CPU
		{A310D831-A7A5-408F-B17E-699713C0EDC8}.Debug|Any CPU.ActiveCfg = Debug|Any CPU
		{A310D831-A7A5-408F-B17E-699713C0EDC8}.Debug|Any CPU.Build.0 = Debug|Any CPU
		{A310D831-A7A5-408F-B17E-699713C0EDC8}.Release|Any CPU.ActiveCfg = Release|Any CPU
		{A310D831-A7A5-408F-B17E-699713C0EDC8}.Release|Any CPU.Build.0 = Release|Any CPU
		{F5F41D32-0197-431D-9A3A-78651FB274DF}.Debug|Any CPU.ActiveCfg = Debug|Any CPU
		{F5F41D32-0197-431D-9A3A-78651FB274DF}.Debug|Any CPU.Build.0 = Debug|Any CPU
		{F5F41D32-0197-431D-9A3A-78651FB274DF}.Release|Any CPU.ActiveCfg = Release|Any CPU
		{F5F41D32-0197-431D-9A3A-78651FB274DF}.Release|Any CPU.Build.0 = Release|Any CPU
		{FD59FDFA-01BF-4101-9B57-1C4216FE7B9B}.Debug|Any CPU.ActiveCfg = Debug|Any CPU
		{FD59FDFA-01BF-4101-9B57-1C4216FE7B9B}.Debug|Any CPU.Build.0 = Debug|Any CPU
		{FD59FDFA-01BF-4101-9B57-1C4216FE7B9B}.Release|Any CPU.ActiveCfg = Release|Any CPU
		{FD59FDFA-01BF-4101-9B57-1C4216FE7B9B}.Release|Any CPU.Build.0 = Release|Any CPU
		{42F65C8E-8071-404C-BA8F-0204A07FD676}.Debug|Any CPU.ActiveCfg = Debug|Any CPU
		{42F65C8E-8071-404C-BA8F-0204A07FD676}.Debug|Any CPU.Build.0 = Debug|Any CPU
		{42F65C8E-8071-404C-BA8F-0204A07FD676}.Release|Any CPU.ActiveCfg = Release|Any CPU
		{42F65C8E-8071-404C-BA8F-0204A07FD676}.Release|Any CPU.Build.0 = Release|Any CPU
		{2A0E7003-68CE-4DEB-B8CD-CD9C2DDDA40E}.Debug|Any CPU.ActiveCfg = Debug|Any CPU
		{2A0E7003-68CE-4DEB-B8CD-CD9C2DDDA40E}.Debug|Any CPU.Build.0 = Debug|Any CPU
		{2A0E7003-68CE-4DEB-B8CD-CD9C2DDDA40E}.Release|Any CPU.ActiveCfg = Release|Any CPU
		{2A0E7003-68CE-4DEB-B8CD-CD9C2DDDA40E}.Release|Any CPU.Build.0 = Release|Any CPU
	EndGlobalSection
	GlobalSection(SolutionProperties) = preSolution
		HideSolutionNode = FALSE
	EndGlobalSection
	GlobalSection(ExtensibilityGlobals) = postSolution
		SolutionGuid = {290F89BC-B721-4AF8-8F56-05E06E701109}
	EndGlobalSection
EndGlobal
